PODS:
  - Flutter (1.0.0)
  - keyboard_height_plugin (0.0.1):
    - Flutter

DEPENDENCIES:
  - Flutter (from `Flutter`)
  - keyboard_height_plugin (from `.symlinks/plugins/keyboard_height_plugin/ios`)

EXTERNAL SOURCES:
  Flutter:
    :path: Flutter
  keyboard_height_plugin:
    :path: ".symlinks/plugins/keyboard_height_plugin/ios"

SPEC CHECKSUMS:
  Flutter: cabc95a1d2626b1b06e7179b784ebcf0c0cde467
  keyboard_height_plugin: ef70a8181b29f27670e9e2450814ca6b6dc05b05

PODFILE CHECKSUM: 3c63482e143d1b91d2d2560aee9fb04ecc74ac7e

COCOAPODS: 1.16.2
